
Microsoft Visual Studio Solution File, Format Version 12.00
# Visual Studio 15
VisualStudioVersion = 15.0.28307.329
MinimumVisualStudioVersion = 10.0.40219.1
Project("{8BC9CEB8-8B4A-11D0-8D11-00A0C91BC942}") = "PrintTree_AIG", "PrintTree_AIG\PrintTree_AIG.vcxproj", "{4A482E05-8EFF-41F9-BFC7-922DB1EF679D}"
EndProject
Global
	GlobalSection(SolutionConfigurationPlatforms) = preSolution
		Debug|x64 = Debug|x64
		Debug|x86 = Debug|x86
		Release|x64 = Release|x64
		Release|x86 = Release|x86
	EndGlobalSection
	GlobalSection(ProjectConfigurationPlatforms) = postSolution
		{4A482E05-8EFF-41F9-BFC7-922DB1EF679D}.Debug|x64.ActiveCfg = Debug|x64
		{4A482E05-8EFF-41F9-BFC7-922DB1EF679D}.Debug|x64.Build.0 = Debug|x64
		{4A482E05-8EFF-41F9-BFC7-922DB1EF679D}.Debug|x86.ActiveCfg = Debug|Win32
		{4A482E05-8EFF-41F9-BFC7-922DB1EF679D}.Debug|x86.Build.0 = Debug|Win32
		{4A482E05-8EFF-41F9-BFC7-922DB1EF679D}.Release|x64.ActiveCfg = Release|x64
		{4A482E05-8EFF-41F9-BFC7-922DB1EF679D}.Release|x64.Build.0 = Release|x64
		{4A482E05-8EFF-41F9-BFC7-922DB1EF679D}.Release|x86.ActiveCfg = Release|Win32
		{4A482E05-8EFF-41F9-BFC7-922DB1EF679D}.Release|x86.Build.0 = Release|Win32
	EndGlobalSection
	GlobalSection(SolutionProperties) = preSolution
		HideSolutionNode = FALSE
	EndGlobalSection
	GlobalSection(ExtensibilityGlobals) = postSolution
		SolutionGuid = {C5DD5299-2C7F-4058-99B4-C4ACAD5CAB49}
	EndGlobalSection
EndGlobal
